
Microsoft Visual Studio Solution File, Format Version 12.00
# Visual Studio Version 17
VisualStudioVersion = 17.7.34202.233
MinimumVisualStudioVersion = 10.0.40219.1
Project("{FAE04EC0-301F-11D3-BF4B-00C04F79EFBC}") = "Leetcode", "Leetcode\Leetcode.csproj", "{82FF9EB0-52B4-4F60-B170-2B25738609A3}"
EndProject
Global
	GlobalSection(SolutionConfigurationPlatforms) = preSolution
		Debug|Any CPU = Debug|Any CPU
		Release|Any CPU = Release|Any CPU
	EndGlobalSection
	GlobalSection(ProjectConfigurationPlatforms) = postSolution
		{82FF9EB0-52B4-4F60-B170-2B25738609A3}.Debug|Any CPU.ActiveCfg = Debug|Any CPU
		{82FF9EB0-52B4-4F60-B170-2B25738609A3}.Debug|Any CPU.Build.0 = Debug|Any CPU
		{82FF9EB0-52B4-4F60-B170-2B25738609A3}.Release|Any CPU.ActiveCfg = Release|Any CPU
		{82FF9EB0-52B4-4F60-B170-2B25738609A3}.Release|Any CPU.Build.0 = Release|Any CPU
	EndGlobalSection
	GlobalSection(SolutionProperties) = preSolution
		HideSolutionNode = FALSE
	EndGlobalSection
	GlobalSection(ExtensibilityGlobals) = postSolution
		SolutionGuid = {3F2C1C45-875B-448D-B8A5-2191BD96E8E5}
	EndGlobalSection
EndGlobal
